
Microsoft Visual Studio Solution File, Format Version 12.00
# Visual Studio 15
VisualStudioVersion = 15.0.26124.0
MinimumVisualStudioVersion = 15.0.26124.0
Project("{FAE04EC0-301F-11D3-BF4B-00C04F79EFBC}") = "Steropes.Tiles", "src\Steropes.Tiles\Steropes.Tiles.csproj", "{AC504E70-9874-4D7F-9FF3-E3509865DBDE}"
EndProject
Project("{FAE04EC0-301F-11D3-BF4B-00C04F79EFBC}") = "Steropes.Tiles.Monogame", "src\Steropes.Tiles.Monogame\Steropes.Tiles.Monogame.csproj", "{DBD7CE7E-7E0C-4898-9997-87176EE148B5}"
EndProject
Project("{FAE04EC0-301F-11D3-BF4B-00C04F79EFBC}") = "Steropes.Tiles.TemplateGenerator.Test", "tests\Steropes.Tiles.TemplateGenerator.Test\Steropes.Tiles.TemplateGenerator.Test.csproj", "{8825123C-7883-42BD-8E6E-CDBB47C503EC}"
EndProject
Project("{FAE04EC0-301F-11D3-BF4B-00C04F79EFBC}") = "Steropes.Tiles.Test", "tests\Steropes.Tiles.Test\Steropes.Tiles.Test.csproj", "{418AB89E-5A32-490C-A3A1-C88DC625CB1C}"
EndProject
Project("{FAE04EC0-301F-11D3-BF4B-00C04F79EFBC}") = "Steropes.Tiles.Demo", "samples\Steropes.Tiles.Demo\Steropes.Tiles.Demo.csproj", "{D3648B8F-FAB0-46D1-9F85-C1512895C556}"
EndProject
Project("{FAE04EC0-301F-11D3-BF4B-00C04F79EFBC}") = "Steropes.Tiles.MonogameDemo", "samples\Steropes.Tiles.MonogameDemo\Steropes.Tiles.MonogameDemo.csproj", "{BA1703A1-5F89-4FF5-93A2-4644B9CF2285}"
EndProject
Project("{FAE04EC0-301F-11D3-BF4B-00C04F79EFBC}") = "Steropes.Tiles.TemplateGenerator", "src\Steropes.Tiles.TemplateGenerator\Steropes.Tiles.TemplateGenerator.csproj", "{3BB579A8-A0A0-4209-B9F2-EDEE833AB008}"
EndProject
Global
	GlobalSection(SolutionConfigurationPlatforms) = preSolution
		Debug|Any CPU = Debug|Any CPU
		Debug|x64 = Debug|x64
		Debug|x86 = Debug|x86
		Release|Any CPU = Release|Any CPU
		Release|x64 = Release|x64
		Release|x86 = Release|x86
	EndGlobalSection
	GlobalSection(SolutionProperties) = preSolution
		HideSolutionNode = FALSE
	EndGlobalSection
	GlobalSection(ProjectConfigurationPlatforms) = postSolution
		{AC504E70-9874-4D7F-9FF3-E3509865DBDE}.Debug|Any CPU.ActiveCfg = Debug|Any CPU
		{AC504E70-9874-4D7F-9FF3-E3509865DBDE}.Debug|Any CPU.Build.0 = Debug|Any CPU
		{AC504E70-9874-4D7F-9FF3-E3509865DBDE}.Debug|x64.ActiveCfg = Debug|Any CPU
		{AC504E70-9874-4D7F-9FF3-E3509865DBDE}.Debug|x64.Build.0 = Debug|Any CPU
		{AC504E70-9874-4D7F-9FF3-E3509865DBDE}.Debug|x86.ActiveCfg = Debug|Any CPU
		{AC504E70-9874-4D7F-9FF3-E3509865DBDE}.Debug|x86.Build.0 = Debug|Any CPU
		{AC504E70-9874-4D7F-9FF3-E3509865DBDE}.Release|Any CPU.ActiveCfg = Release|Any CPU
		{AC504E70-9874-4D7F-9FF3-E3509865DBDE}.Release|Any CPU.Build.0 = Release|Any CPU
		{AC504E70-9874-4D7F-9FF3-E3509865DBDE}.Release|x64.ActiveCfg = Release|Any CPU
		{AC504E70-9874-4D7F-9FF3-E3509865DBDE}.Release|x64.Build.0 = Release|Any CPU
		{AC504E70-9874-4D7F-9FF3-E3509865DBDE}.Release|x86.ActiveCfg = Release|Any CPU
		{AC504E70-9874-4D7F-9FF3-E3509865DBDE}.Release|x86.Build.0 = Release|Any CPU
		{DBD7CE7E-7E0C-4898-9997-87176EE148B5}.Debug|Any CPU.ActiveCfg = Debug|Any CPU
		{DBD7CE7E-7E0C-4898-9997-87176EE148B5}.Debug|Any CPU.Build.0 = Debug|Any CPU
		{DBD7CE7E-7E0C-4898-9997-87176EE148B5}.Debug|x64.ActiveCfg = Debug|Any CPU
		{DBD7CE7E-7E0C-4898-9997-87176EE148B5}.Debug|x64.Build.0 = Debug|Any CPU
		{DBD7CE7E-7E0C-4898-9997-87176EE148B5}.Debug|x86.ActiveCfg = Debug|Any CPU
		{DBD7CE7E-7E0C-4898-9997-87176EE148B5}.Debug|x86.Build.0 = Debug|Any CPU
		{DBD7CE7E-7E0C-4898-9997-87176EE148B5}.Release|Any CPU.ActiveCfg = Release|Any CPU
		{DBD7CE7E-7E0C-4898-9997-87176EE148B5}.Release|Any CPU.Build.0 = Release|Any CPU
		{DBD7CE7E-7E0C-4898-9997-87176EE148B5}.Release|x64.ActiveCfg = Release|Any CPU
		{DBD7CE7E-7E0C-4898-9997-87176EE148B5}.Release|x64.Build.0 = Release|Any CPU
		{DBD7CE7E-7E0C-4898-9997-87176EE148B5}.Release|x86.ActiveCfg = Release|Any CPU
		{DBD7CE7E-7E0C-4898-9997-87176EE148B5}.Release|x86.Build.0 = Release|Any CPU
		{8825123C-7883-42BD-8E6E-CDBB47C503EC}.Debug|Any CPU.ActiveCfg = Debug|Any CPU
		{8825123C-7883-42BD-8E6E-CDBB47C503EC}.Debug|Any CPU.Build.0 = Debug|Any CPU
		{8825123C-7883-42BD-8E6E-CDBB47C503EC}.Debug|x64.ActiveCfg = Debug|Any CPU
		{8825123C-7883-42BD-8E6E-CDBB47C503EC}.Debug|x64.Build.0 = Debug|Any CPU
		{8825123C-7883-42BD-8E6E-CDBB47C503EC}.Debug|x86.ActiveCfg = Debug|Any CPU
		{8825123C-7883-42BD-8E6E-CDBB47C503EC}.Debug|x86.Build.0 = Debug|Any CPU
		{8825123C-7883-42BD-8E6E-CDBB47C503EC}.Release|Any CPU.ActiveCfg = Debug|Any CPU
		{8825123C-7883-42BD-8E6E-CDBB47C503EC}.Release|Any CPU.Build.0 = Debug|Any CPU
		{8825123C-7883-42BD-8E6E-CDBB47C503EC}.Release|x64.ActiveCfg = Debug|Any CPU
		{8825123C-7883-42BD-8E6E-CDBB47C503EC}.Release|x64.Build.0 = Debug|Any CPU
		{8825123C-7883-42BD-8E6E-CDBB47C503EC}.Release|x86.ActiveCfg = Debug|Any CPU
		{8825123C-7883-42BD-8E6E-CDBB47C503EC}.Release|x86.Build.0 = Debug|Any CPU
		{418AB89E-5A32-490C-A3A1-C88DC625CB1C}.Debug|Any CPU.ActiveCfg = Debug|Any CPU
		{418AB89E-5A32-490C-A3A1-C88DC625CB1C}.Debug|Any CPU.Build.0 = Debug|Any CPU
		{418AB89E-5A32-490C-A3A1-C88DC625CB1C}.Debug|x64.ActiveCfg = Debug|Any CPU
		{418AB89E-5A32-490C-A3A1-C88DC625CB1C}.Debug|x64.Build.0 = Debug|Any CPU
		{418AB89E-5A32-490C-A3A1-C88DC625CB1C}.Debug|x86.ActiveCfg = Debug|Any CPU
		{418AB89E-5A32-490C-A3A1-C88DC625CB1C}.Debug|x86.Build.0 = Debug|Any CPU
		{418AB89E-5A32-490C-A3A1-C88DC625CB1C}.Release|Any CPU.ActiveCfg = Debug|Any CPU
		{418AB89E-5A32-490C-A3A1-C88DC625CB1C}.Release|Any CPU.Build.0 = Debug|Any CPU
		{418AB89E-5A32-490C-A3A1-C88DC625CB1C}.Release|x64.ActiveCfg = Debug|Any CPU
		{418AB89E-5A32-490C-A3A1-C88DC625CB1C}.Release|x64.Build.0 = Debug|Any CPU
		{418AB89E-5A32-490C-A3A1-C88DC625CB1C}.Release|x86.ActiveCfg = Debug|Any CPU
		{418AB89E-5A32-490C-A3A1-C88DC625CB1C}.Release|x86.Build.0 = Debug|Any CPU
		{D3648B8F-FAB0-46D1-9F85-C1512895C556}.Debug|Any CPU.ActiveCfg = Debug|Any CPU
		{D3648B8F-FAB0-46D1-9F85-C1512895C556}.Debug|Any CPU.Build.0 = Debug|Any CPU
		{D3648B8F-FAB0-46D1-9F85-C1512895C556}.Debug|x64.ActiveCfg = Debug|Any CPU
		{D3648B8F-FAB0-46D1-9F85-C1512895C556}.Debug|x64.Build.0 = Debug|Any CPU
		{D3648B8F-FAB0-46D1-9F85-C1512895C556}.Debug|x86.ActiveCfg = Debug|Any CPU
		{D3648B8F-FAB0-46D1-9F85-C1512895C556}.Debug|x86.Build.0 = Debug|Any CPU
		{D3648B8F-FAB0-46D1-9F85-C1512895C556}.Release|Any CPU.ActiveCfg = Release|Any CPU
		{D3648B8F-FAB0-46D1-9F85-C1512895C556}.Release|Any CPU.Build.0 = Release|Any CPU
		{D3648B8F-FAB0-46D1-9F85-C1512895C556}.Release|x64.ActiveCfg = Release|Any CPU
		{D3648B8F-FAB0-46D1-9F85-C1512895C556}.Release|x64.Build.0 = Release|Any CPU
		{D3648B8F-FAB0-46D1-9F85-C1512895C556}.Release|x86.ActiveCfg = Release|Any CPU
		{D3648B8F-FAB0-46D1-9F85-C1512895C556}.Release|x86.Build.0 = Release|Any CPU
		{BA1703A1-5F89-4FF5-93A2-4644B9CF2285}.Debug|Any CPU.ActiveCfg = Debug|Any CPU
		{BA1703A1-5F89-4FF5-93A2-4644B9CF2285}.Debug|Any CPU.Build.0 = Debug|Any CPU
		{BA1703A1-5F89-4FF5-93A2-4644B9CF2285}.Debug|x64.ActiveCfg = Debug|Any CPU
		{BA1703A1-5F89-4FF5-93A2-4644B9CF2285}.Debug|x64.Build.0 = Debug|Any CPU
		{BA1703A1-5F89-4FF5-93A2-4644B9CF2285}.Debug|x86.ActiveCfg = Debug|Any CPU
		{BA1703A1-5F89-4FF5-93A2-4644B9CF2285}.Debug|x86.Build.0 = Debug|Any CPU
		{BA1703A1-5F89-4FF5-93A2-4644B9CF2285}.Release|Any CPU.ActiveCfg = Release|Any CPU
		{BA1703A1-5F89-4FF5-93A2-4644B9CF2285}.Release|Any CPU.Build.0 = Release|Any CPU
		{BA1703A1-5F89-4FF5-93A2-4644B9CF2285}.Release|x64.ActiveCfg = Release|Any CPU
		{BA1703A1-5F89-4FF5-93A2-4644B9CF2285}.Release|x64.Build.0 = Release|Any CPU
		{BA1703A1-5F89-4FF5-93A2-4644B9CF2285}.Release|x86.ActiveCfg = Release|Any CPU
		{BA1703A1-5F89-4FF5-93A2-4644B9CF2285}.Release|x86.Build.0 = Release|Any CPU
		{3BB579A8-A0A0-4209-B9F2-EDEE833AB008}.Debug|Any CPU.ActiveCfg = Debug|Any CPU
		{3BB579A8-A0A0-4209-B9F2-EDEE833AB008}.Debug|Any CPU.Build.0 = Debug|Any CPU
		{3BB579A8-A0A0-4209-B9F2-EDEE833AB008}.Debug|x64.ActiveCfg = Debug|Any CPU
		{3BB579A8-A0A0-4209-B9F2-EDEE833AB008}.Debug|x64.Build.0 = Debug|Any CPU
		{3BB579A8-A0A0-4209-B9F2-EDEE833AB008}.Debug|x86.ActiveCfg = Debug|Any CPU
		{3BB579A8-A0A0-4209-B9F2-EDEE833AB008}.Debug|x86.Build.0 = Debug|Any CPU
		{3BB579A8-A0A0-4209-B9F2-EDEE833AB008}.Release|Any CPU.ActiveCfg = Release|Any CPU
		{3BB579A8-A0A0-4209-B9F2-EDEE833AB008}.Release|Any CPU.Build.0 = Release|Any CPU
		{3BB579A8-A0A0-4209-B9F2-EDEE833AB008}.Release|x64.ActiveCfg = Release|Any CPU
		{3BB579A8-A0A0-4209-B9F2-EDEE833AB008}.Release|x64.Build.0 = Release|Any CPU
		{3BB579A8-A0A0-4209-B9F2-EDEE833AB008}.Release|x86.ActiveCfg = Release|Any CPU
		{3BB579A8-A0A0-4209-B9F2-EDEE833AB008}.Release|x86.Build.0 = Release|Any CPU
	EndGlobalSection
EndGlobal
